# This file is autogenerated, do not edit; changes may be undone by the next 'dep ensure'.


[[projects]]
  digest = "1:142cf0c63cd0fc3cc0fdd26854cb028bb33d569f1b80de05f353cd45850e688b"
  name = "github.com/DATA-DOG/godog"
  packages = [
    ".",
    "colors",
    "gherkin",
  ]
  pruneopts = "UT"
  revision = "75562b12d67aa758aba65b0072c763bccf7e9b00"
  version = "v0.7.9"

[[projects]]
  branch = "master"
  digest = "1:69e7139f6d546cc6ffc9ca98e7f4cfe95be479f4044eb30bb92017b5b87c9d40"
  name = "github.com/buger/jsonparser"
  packages = ["."]
  pruneopts = "UT"
  revision = "bf1c66bbce23153d89b23f8960071a680dbef54b"

[[projects]]
  branch = "master"
  digest = "1:83850116d98ab8e178e4a1695e9e76aaca4294d6c90a859cd03b3e980b98acdb"
  name = "github.com/quoeamaster/echogogo_plugin"
  packages = ["."]
  pruneopts = "UT"
  revision = "a99cb89b5e7e74cba8f2e033365751d71db5f30c"

[solve-meta]
  analyzer-name = "dep"
  analyzer-version = 1
  input-imports = [
    "github.com/DATA-DOG/godog",
    "github.com/buger/jsonparser",
    "github.com/quoeamaster/echogogo_plugin",
  ]
  solver-name = "gps-cdcl"
  solver-version = 1
